{
  "name": "yango-alumni-app",
  "version": "1.0.0",
  "lockfileVersion": 1,
  "requires": true,
  "dependencies": {
    "dayjs": {
      "version": "1.9.6",
      "resolved": "https://registry.npm.taobao.org/dayjs/download/dayjs-1.9.6.tgz",
      "integrity": "sha1-bwx312rB/2NyDdEZfly4e2eUPXA="
    }
  }
}
